
Microsoft Visual Studio Solution File, Format Version 12.00
# Visual Studio Version 16
VisualStudioVersion = 16.0.31105.61
MinimumVisualStudioVersion = 10.0.40219.1
Project("{FAE04EC0-301F-11D3-BF4B-00C04F79EFBC}") = "BarForm", "BarForm\BarForm.csproj", "{8DB4C203-F032-46A4-B8B6-9BCB5ED28409}"
EndProject
Project("{FAE04EC0-301F-11D3-BF4B-00C04F79EFBC}") = "Biblioteca", "Biblioteca\Biblioteca.csproj", "{FEE0D74D-A747-4F98-B5BE-6EC5EB02EBFE}"
EndProject
Global
	GlobalSection(SolutionConfigurationPlatforms) = preSolution
		Debug|Any CPU = Debug|Any CPU
		Release|Any CPU = Release|Any CPU
	EndGlobalSection
	GlobalSection(ProjectConfigurationPlatforms) = postSolution
		{8DB4C203-F032-46A4-B8B6-9BCB5ED28409}.Debug|Any CPU.ActiveCfg = Debug|Any CPU
		{8DB4C203-F032-46A4-B8B6-9BCB5ED28409}.Debug|Any CPU.Build.0 = Debug|Any CPU
		{8DB4C203-F032-46A4-B8B6-9BCB5ED28409}.Release|Any CPU.ActiveCfg = Release|Any CPU
		{8DB4C203-F032-46A4-B8B6-9BCB5ED28409}.Release|Any CPU.Build.0 = Release|Any CPU
		{FEE0D74D-A747-4F98-B5BE-6EC5EB02EBFE}.Debug|Any CPU.ActiveCfg = Debug|Any CPU
		{FEE0D74D-A747-4F98-B5BE-6EC5EB02EBFE}.Debug|Any CPU.Build.0 = Debug|Any CPU
		{FEE0D74D-A747-4F98-B5BE-6EC5EB02EBFE}.Release|Any CPU.ActiveCfg = Release|Any CPU
		{FEE0D74D-A747-4F98-B5BE-6EC5EB02EBFE}.Release|Any CPU.Build.0 = Release|Any CPU
	EndGlobalSection
	GlobalSection(SolutionProperties) = preSolution
		HideSolutionNode = FALSE
	EndGlobalSection
	GlobalSection(ExtensibilityGlobals) = postSolution
		SolutionGuid = {E517E75F-C439-4515-A664-6C461CFD89EA}
	EndGlobalSection
EndGlobal
