
Microsoft Visual Studio Solution File, Format Version 12.00
# Visual Studio Version 16
VisualStudioVersion = 16.0.31105.61
MinimumVisualStudioVersion = 10.0.40219.1
Project("{FAE04EC0-301F-11D3-BF4B-00C04F79EFBC}") = "Biblioteca", "Biblioteca\Biblioteca.csproj", "{CEF23644-4A50-4471-B405-E61BC5895AC5}"
EndProject
Global
	GlobalSection(SolutionConfigurationPlatforms) = preSolution
		Debug|Any CPU = Debug|Any CPU
		Release|Any CPU = Release|Any CPU
	EndGlobalSection
	GlobalSection(ProjectConfigurationPlatforms) = postSolution
		{CEF23644-4A50-4471-B405-E61BC5895AC5}.Debug|Any CPU.ActiveCfg = Debug|Any CPU
		{CEF23644-4A50-4471-B405-E61BC5895AC5}.Debug|Any CPU.Build.0 = Debug|Any CPU
		{CEF23644-4A50-4471-B405-E61BC5895AC5}.Release|Any CPU.ActiveCfg = Release|Any CPU
		{CEF23644-4A50-4471-B405-E61BC5895AC5}.Release|Any CPU.Build.0 = Release|Any CPU
	EndGlobalSection
	GlobalSection(SolutionProperties) = preSolution
		HideSolutionNode = FALSE
	EndGlobalSection
	GlobalSection(ExtensibilityGlobals) = postSolution
		SolutionGuid = {10EDFA0C-EC45-4459-ABA7-D2520EA77425}
	EndGlobalSection
EndGlobal
