
Microsoft Visual Studio Solution File, Format Version 12.00
# Visual Studio Version 16
VisualStudioVersion = 16.0.31105.61
MinimumVisualStudioVersion = 10.0.40219.1
Project("{FAE04EC0-301F-11D3-BF4B-00C04F79EFBC}") = "EntidadFinanciera", "EntidadFinanciera\EntidadFinanciera.csproj", "{4C1E2448-EC30-4E9E-A2DD-4A784B27BACB}"
EndProject
Project("{FAE04EC0-301F-11D3-BF4B-00C04F79EFBC}") = "VistaConsola", "VistaConsola\VistaConsola.csproj", "{E820ADFC-4FB2-492C-A16F-13F31D6AEF9A}"
EndProject
Global
	GlobalSection(SolutionConfigurationPlatforms) = preSolution
		Debug|Any CPU = Debug|Any CPU
		Release|Any CPU = Release|Any CPU
	EndGlobalSection
	GlobalSection(ProjectConfigurationPlatforms) = postSolution
		{4C1E2448-EC30-4E9E-A2DD-4A784B27BACB}.Debug|Any CPU.ActiveCfg = Debug|Any CPU
		{4C1E2448-EC30-4E9E-A2DD-4A784B27BACB}.Debug|Any CPU.Build.0 = Debug|Any CPU
		{4C1E2448-EC30-4E9E-A2DD-4A784B27BACB}.Release|Any CPU.ActiveCfg = Release|Any CPU
		{4C1E2448-EC30-4E9E-A2DD-4A784B27BACB}.Release|Any CPU.Build.0 = Release|Any CPU
		{E820ADFC-4FB2-492C-A16F-13F31D6AEF9A}.Debug|Any CPU.ActiveCfg = Debug|Any CPU
		{E820ADFC-4FB2-492C-A16F-13F31D6AEF9A}.Debug|Any CPU.Build.0 = Debug|Any CPU
		{E820ADFC-4FB2-492C-A16F-13F31D6AEF9A}.Release|Any CPU.ActiveCfg = Release|Any CPU
		{E820ADFC-4FB2-492C-A16F-13F31D6AEF9A}.Release|Any CPU.Build.0 = Release|Any CPU
	EndGlobalSection
	GlobalSection(SolutionProperties) = preSolution
		HideSolutionNode = FALSE
	EndGlobalSection
	GlobalSection(ExtensibilityGlobals) = postSolution
		SolutionGuid = {9E4F6F15-DB05-4F15-979C-77F954709D17}
	EndGlobalSection
EndGlobal
