
Microsoft Visual Studio Solution File, Format Version 12.00
# Visual Studio Version 16
VisualStudioVersion = 16.0.31105.61
MinimumVisualStudioVersion = 10.0.40219.1
Project("{FAE04EC0-301F-11D3-BF4B-00C04F79EFBC}") = "Entidades", "Entidades\Entidades.csproj", "{3640A7C9-208B-4F46-A926-5ECFD5D90CE0}"
EndProject
Project("{FAE04EC0-301F-11D3-BF4B-00C04F79EFBC}") = "VistaForm", "VistaForm\VistaForm.csproj", "{91178E0F-686F-4D00-8179-AB6BCB994251}"
EndProject
Project("{FAE04EC0-301F-11D3-BF4B-00C04F79EFBC}") = "VistaConsola", "VistaConsola\VistaConsola.csproj", "{EF4A0EBC-D6D0-46C7-BE92-1993B6243885}"
EndProject
Global
	GlobalSection(SolutionConfigurationPlatforms) = preSolution
		Debug|Any CPU = Debug|Any CPU
		Release|Any CPU = Release|Any CPU
	EndGlobalSection
	GlobalSection(ProjectConfigurationPlatforms) = postSolution
		{3640A7C9-208B-4F46-A926-5ECFD5D90CE0}.Debug|Any CPU.ActiveCfg = Debug|Any CPU
		{3640A7C9-208B-4F46-A926-5ECFD5D90CE0}.Debug|Any CPU.Build.0 = Debug|Any CPU
		{3640A7C9-208B-4F46-A926-5ECFD5D90CE0}.Release|Any CPU.ActiveCfg = Release|Any CPU
		{3640A7C9-208B-4F46-A926-5ECFD5D90CE0}.Release|Any CPU.Build.0 = Release|Any CPU
		{91178E0F-686F-4D00-8179-AB6BCB994251}.Debug|Any CPU.ActiveCfg = Debug|Any CPU
		{91178E0F-686F-4D00-8179-AB6BCB994251}.Debug|Any CPU.Build.0 = Debug|Any CPU
		{91178E0F-686F-4D00-8179-AB6BCB994251}.Release|Any CPU.ActiveCfg = Release|Any CPU
		{91178E0F-686F-4D00-8179-AB6BCB994251}.Release|Any CPU.Build.0 = Release|Any CPU
		{EF4A0EBC-D6D0-46C7-BE92-1993B6243885}.Debug|Any CPU.ActiveCfg = Debug|Any CPU
		{EF4A0EBC-D6D0-46C7-BE92-1993B6243885}.Debug|Any CPU.Build.0 = Debug|Any CPU
		{EF4A0EBC-D6D0-46C7-BE92-1993B6243885}.Release|Any CPU.ActiveCfg = Release|Any CPU
		{EF4A0EBC-D6D0-46C7-BE92-1993B6243885}.Release|Any CPU.Build.0 = Release|Any CPU
	EndGlobalSection
	GlobalSection(SolutionProperties) = preSolution
		HideSolutionNode = FALSE
	EndGlobalSection
	GlobalSection(ExtensibilityGlobals) = postSolution
		SolutionGuid = {404ED3C3-9634-42DE-A1D0-701E65B4ADEA}
	EndGlobalSection
EndGlobal
